
Microsoft Visual Studio Solution File, Format Version 12.00
# Visual Studio Version 17
VisualStudioVersion = 17.11.35327.3
MinimumVisualStudioVersion = 10.0.40219.1
Project("{FAE04EC0-301F-11D3-BF4B-00C04F79EFBC}") = "FileDowaloadergui", "FileDowaloadergui\FileDowaloadergui.csproj", "{7D261185-BFB1-44C1-9ACB-244DC96DA85F}"
EndProject
Global
	GlobalSection(SolutionConfigurationPlatforms) = preSolution
		Debug|Any CPU = Debug|Any CPU
		Release|Any CPU = Release|Any CPU
	EndGlobalSection
	GlobalSection(ProjectConfigurationPlatforms) = postSolution
		{7D261185-BFB1-44C1-9ACB-244DC96DA85F}.Debug|Any CPU.ActiveCfg = Debug|Any CPU
		{7D261185-BFB1-44C1-9ACB-244DC96DA85F}.Debug|Any CPU.Build.0 = Debug|Any CPU
		{7D261185-BFB1-44C1-9ACB-244DC96DA85F}.Release|Any CPU.ActiveCfg = Release|Any CPU
		{7D261185-BFB1-44C1-9ACB-244DC96DA85F}.Release|Any CPU.Build.0 = Release|Any CPU
	EndGlobalSection
	GlobalSection(SolutionProperties) = preSolution
		HideSolutionNode = FALSE
	EndGlobalSection
	GlobalSection(ExtensibilityGlobals) = postSolution
		SolutionGuid = {CCCB699F-69DE-4DC9-861D-3CF965D2DCE2}
	EndGlobalSection
EndGlobal
